
Microsoft Visual Studio Solution File, Format Version 12.00
# Visual Studio Version 17
VisualStudioVersion = 17.0.31903.59
MinimumVisualStudioVersion = 10.0.40219.1
Project("{2150E333-8FDC-42A3-9474-1A3956D46DE8}") = "src", "src", "{827E0CD3-B72D-47B6-A68D-7590B98EB39B}"
EndProject
Project("{FAE04EC0-301F-11D3-BF4B-00C04F79EFBC}") = "Oadm.Client", "src\Oadm.Client\Oadm.Client.csproj", "{E70FE54D-8877-49CA-BB73-5ECEB9848296}"
EndProject
Project("{FAE04EC0-301F-11D3-BF4B-00C04F79EFBC}") = "Oadm.Contracts", "src\Oadm.Contracts\Oadm.Contracts.csproj", "{D0F9CD54-8B44-4BDA-80A4-293FE9B4340E}"
EndProject
Project("{FAE04EC0-301F-11D3-BF4B-00C04F79EFBC}") = "Oadm.Core", "src\Oadm.Core\Oadm.Core.csproj", "{63537EC1-52CB-4700-9E3C-2D74D01ABA23}"
EndProject
Project("{FAE04EC0-301F-11D3-BF4B-00C04F79EFBC}") = "Oadm.Sdk", "src\Oadm.Sdk\Oadm.Sdk.csproj", "{BC82558F-68D8-4170-A187-773E09CC58D4}"
EndProject
Project("{FAE04EC0-301F-11D3-BF4B-00C04F79EFBC}") = "Oadm.Sdk.Client", "src\Oadm.Sdk.Client\Oadm.Sdk.Client.csproj", "{A0BD3B11-6820-4004-913C-4CE9462666F3}"
EndProject
Project("{FAE04EC0-301F-11D3-BF4B-00C04F79EFBC}") = "Oadm.Server", "src\Oadm.Server\Oadm.Server.csproj", "{B07CDB6F-7EA0-4334-82B5-A1AA14E046F2}"
EndProject
Project("{2150E333-8FDC-42A3-9474-1A3956D46DE8}") = "plugins", "plugins", "{07D57EEB-2F50-60C4-C011-FE4FA775C9A8}"
EndProject
Project("{FAE04EC0-301F-11D3-BF4B-00C04F79EFBC}") = "Oadm.Plugins.Restart", "plugins\Oadm.Plugins.Restart\Oadm.Plugins.Restart.csproj", "{F7A5A4A2-9EF1-4A39-94AC-C3D5FFFC2C1D}"
EndProject
Project("{2150E333-8FDC-42A3-9474-1A3956D46DE8}") = "tests", "tests", "{0AB3BF05-4346-4AA6-1389-037BE0695223}"
EndProject
Project("{FAE04EC0-301F-11D3-BF4B-00C04F79EFBC}") = "Oadm.Client.Tests", "tests\Oadm.Client.Tests\Oadm.Client.Tests.csproj", "{2E05A20D-5074-4E04-9E3B-FF62ACFC55A6}"
EndProject
Project("{FAE04EC0-301F-11D3-BF4B-00C04F79EFBC}") = "Oadm.Core.Tests", "tests\Oadm.Core.Tests\Oadm.Core.Tests.csproj", "{565B8677-2387-4B73-B4CC-803233144DBE}"
EndProject
Project("{FAE04EC0-301F-11D3-BF4B-00C04F79EFBC}") = "Oadm.Server.Tests", "tests\Oadm.Server.Tests\Oadm.Server.Tests.csproj", "{310E67A1-F757-4511-8A32-B2EF0E9069AB}"
EndProject
Project("{2150E333-8FDC-42A3-9474-1A3956D46DE8}") = "TestPlugins", "TestPlugins", "{B438D1FB-3EE5-27D2-C1DF-D15A71F974E8}"
EndProject
Project("{FAE04EC0-301F-11D3-BF4B-00C04F79EFBC}") = "Oadm.TestPlugins.Sample", "tests\TestPlugins\Oadm.TestPlugins.Sample\Oadm.TestPlugins.Sample.csproj", "{C8638924-D833-4096-83F3-DEB73E9866E6}"
EndProject
Project("{2150E333-8FDC-42A3-9474-1A3956D46DE8}") = "tools", "tools", "{07C2787E-EAC7-C090-1BA3-A61EC2A24D84}"
EndProject
Project("{FAE04EC0-301F-11D3-BF4B-00C04F79EFBC}") = "Oadm.DiscoveryProbe", "tools\Oadm.DiscoveryProbe\Oadm.DiscoveryProbe.csproj", "{646009BB-C941-48E4-BD77-59F9C59B1BE9}"
EndProject
Project("{FAE04EC0-301F-11D3-BF4B-00C04F79EFBC}") = "Oadm.Plugins.Users", "plugins\Oadm.Plugins.Users\Oadm.Plugins.Users.csproj", "{47805BD9-18FF-4D9D-8C70-DF27B5651E63}"
EndProject
Project("{FAE04EC0-301F-11D3-BF4B-00C04F79EFBC}") = "Oadm.Plugins.Users.Client", "plugins\Oadm.Plugins.Users.Client\Oadm.Plugins.Users.Client.csproj", "{B06EE2FA-2A13-4D20-824B-97CA8F892AE4}"
EndProject
Project("{FAE04EC0-301F-11D3-BF4B-00C04F79EFBC}") = "Oadm.Plugins.Users.Tests", "tests\Oadm.Plugins.Users.Tests\Oadm.Plugins.Users.Tests.csproj", "{C35A18F1-B082-4082-9A03-319E634BBE2B}"
EndProject
Project("{FAE04EC0-301F-11D3-BF4B-00C04F79EFBC}") = "Oadm.Plugins.Firmware", "plugins\Oadm.Plugins.Firmware\Oadm.Plugins.Firmware.csproj", "{8B191B76-EFF8-4A18-A692-263CE447F3E1}"
EndProject
Project("{FAE04EC0-301F-11D3-BF4B-00C04F79EFBC}") = "Oadm.Plugins.Firmware.Client", "plugins\Oadm.Plugins.Firmware.Client\Oadm.Plugins.Firmware.Client.csproj", "{41898AF5-61F9-4F98-8787-A086F6A81647}"
EndProject
Project("{FAE04EC0-301F-11D3-BF4B-00C04F79EFBC}") = "Oadm.Plugins.Firmware.Tests", "tests\Oadm.Plugins.Firmware.Tests\Oadm.Plugins.Firmware.Tests.csproj", "{2ED3D632-4066-4752-81E6-D448BF5B2292}"
EndProject
Project("{FAE04EC0-301F-11D3-BF4B-00C04F79EFBC}") = "Oadm.Plugins.Network", "plugins\Oadm.Plugins.Network\Oadm.Plugins.Network.csproj", "{2E12AEAB-9528-4FB7-A898-33A7345259EF}"
EndProject
Project("{FAE04EC0-301F-11D3-BF4B-00C04F79EFBC}") = "Oadm.Plugins.Network.Client", "plugins\Oadm.Plugins.Network.Client\Oadm.Plugins.Network.Client.csproj", "{20F3BBC6-D309-402E-AB98-26BE786FFAFF}"
EndProject
Project("{FAE04EC0-301F-11D3-BF4B-00C04F79EFBC}") = "Oadm.Plugins.Network.Tests", "tests\Oadm.Plugins.Network.Tests\Oadm.Plugins.Network.Tests.csproj", "{35E7E7AF-9CC5-45A4-837E-4454E6B79E3A}"
EndProject
Project("{FAE04EC0-301F-11D3-BF4B-00C04F79EFBC}") = "Oadm.Plugins.Acap", "plugins\Oadm.Plugins.Acap\Oadm.Plugins.Acap.csproj", "{5927A533-3C8F-4262-88B7-C1A5202C3F88}"
EndProject
Project("{FAE04EC0-301F-11D3-BF4B-00C04F79EFBC}") = "Oadm.Plugins.Acap.Client", "plugins\Oadm.Plugins.Acap.Client\Oadm.Plugins.Acap.Client.csproj", "{AFE00AE2-958B-47C2-8B10-1CD940838049}"
EndProject
Project("{FAE04EC0-301F-11D3-BF4B-00C04F79EFBC}") = "Oadm.Plugins.Acap.Tests", "tests\Oadm.Plugins.Acap.Tests\Oadm.Plugins.Acap.Tests.csproj", "{8B5EB00A-C894-45EC-B0EC-7C7C6C1625A8}"
EndProject
Project("{2150E333-8FDC-42A3-9474-1A3956D46DE8}") = "TestPlugins", "TestPlugins", "{D442743B-58F8-6878-1D07-F20286EDBFBA}"
EndProject
Project("{FAE04EC0-301F-11D3-BF4B-00C04F79EFBC}") = "Oadm.TestPlugins.Sample.Client", "tests\TestPlugins\Oadm.TestPlugins.Sample.Client\Oadm.TestPlugins.Sample.Client.csproj", "{4F0B5F80-4A6A-4708-90E8-4F763D7A1287}"
EndProject
Project("{FAE04EC0-301F-11D3-BF4B-00C04F79EFBC}") = "Oadm.Plugins.SnapshotReport", "plugins\Oadm.Plugins.SnapshotReport\Oadm.Plugins.SnapshotReport.csproj", "{AF12116F-A29D-4176-8B40-531D423570B5}"
EndProject
Project("{FAE04EC0-301F-11D3-BF4B-00C04F79EFBC}") = "Oadm.Plugins.SnapshotReport.Client", "plugins\Oadm.Plugins.SnapshotReport.Client\Oadm.Plugins.SnapshotReport.Client.csproj", "{068C5BF5-5F9B-48A9-A23C-8F68FC16F467}"
EndProject
Project("{FAE04EC0-301F-11D3-BF4B-00C04F79EFBC}") = "Oadm.Plugins.SnapshotReport.Tests", "tests\Oadm.Plugins.SnapshotReport.Tests\Oadm.Plugins.SnapshotReport.Tests.csproj", "{BC5A0815-2B92-4D65-AA72-5CCC8BC2631B}"
EndProject
Global
	GlobalSection(SolutionConfigurationPlatforms) = preSolution
		Debug|Any CPU = Debug|Any CPU
		Debug|x64 = Debug|x64
		Debug|x86 = Debug|x86
		Release|Any CPU = Release|Any CPU
		Release|x64 = Release|x64
		Release|x86 = Release|x86
	EndGlobalSection
	GlobalSection(ProjectConfigurationPlatforms) = postSolution
		{E70FE54D-8877-49CA-BB73-5ECEB9848296}.Debug|Any CPU.ActiveCfg = Debug|Any CPU
		{E70FE54D-8877-49CA-BB73-5ECEB9848296}.Debug|Any CPU.Build.0 = Debug|Any CPU
		{E70FE54D-8877-49CA-BB73-5ECEB9848296}.Debug|x64.ActiveCfg = Debug|Any CPU
		{E70FE54D-8877-49CA-BB73-5ECEB9848296}.Debug|x64.Build.0 = Debug|Any CPU
		{E70FE54D-8877-49CA-BB73-5ECEB9848296}.Debug|x86.ActiveCfg = Debug|Any CPU
		{E70FE54D-8877-49CA-BB73-5ECEB9848296}.Debug|x86.Build.0 = Debug|Any CPU
		{E70FE54D-8877-49CA-BB73-5ECEB9848296}.Release|Any CPU.ActiveCfg = Release|Any CPU
		{E70FE54D-8877-49CA-BB73-5ECEB9848296}.Release|Any CPU.Build.0 = Release|Any CPU
		{E70FE54D-8877-49CA-BB73-5ECEB9848296}.Release|x64.ActiveCfg = Release|Any CPU
		{E70FE54D-8877-49CA-BB73-5ECEB9848296}.Release|x64.Build.0 = Release|Any CPU
		{E70FE54D-8877-49CA-BB73-5ECEB9848296}.Release|x86.ActiveCfg = Release|Any CPU
		{E70FE54D-8877-49CA-BB73-5ECEB9848296}.Release|x86.Build.0 = Release|Any CPU
		{D0F9CD54-8B44-4BDA-80A4-293FE9B4340E}.Debug|Any CPU.ActiveCfg = Debug|Any CPU
		{D0F9CD54-8B44-4BDA-80A4-293FE9B4340E}.Debug|Any CPU.Build.0 = Debug|Any CPU
		{D0F9CD54-8B44-4BDA-80A4-293FE9B4340E}.Debug|x64.ActiveCfg = Debug|Any CPU
		{D0F9CD54-8B44-4BDA-80A4-293FE9B4340E}.Debug|x64.Build.0 = Debug|Any CPU
		{D0F9CD54-8B44-4BDA-80A4-293FE9B4340E}.Debug|x86.ActiveCfg = Debug|Any CPU
		{D0F9CD54-8B44-4BDA-80A4-293FE9B4340E}.Debug|x86.Build.0 = Debug|Any CPU
		{D0F9CD54-8B44-4BDA-80A4-293FE9B4340E}.Release|Any CPU.ActiveCfg = Release|Any CPU
		{D0F9CD54-8B44-4BDA-80A4-293FE9B4340E}.Release|Any CPU.Build.0 = Release|Any CPU
		{D0F9CD54-8B44-4BDA-80A4-293FE9B4340E}.Release|x64.ActiveCfg = Release|Any CPU
		{D0F9CD54-8B44-4BDA-80A4-293FE9B4340E}.Release|x64.Build.0 = Release|Any CPU
		{D0F9CD54-8B44-4BDA-80A4-293FE9B4340E}.Release|x86.ActiveCfg = Release|Any CPU
		{D0F9CD54-8B44-4BDA-80A4-293FE9B4340E}.Release|x86.Build.0 = Release|Any CPU
		{63537EC1-52CB-4700-9E3C-2D74D01ABA23}.Debug|Any CPU.ActiveCfg = Debug|Any CPU
		{63537EC1-52CB-4700-9E3C-2D74D01ABA23}.Debug|Any CPU.Build.0 = Debug|Any CPU
		{63537EC1-52CB-4700-9E3C-2D74D01ABA23}.Debug|x64.ActiveCfg = Debug|Any CPU
		{63537EC1-52CB-4700-9E3C-2D74D01ABA23}.Debug|x64.Build.0 = Debug|Any CPU
		{63537EC1-52CB-4700-9E3C-2D74D01ABA23}.Debug|x86.ActiveCfg = Debug|Any CPU
		{63537EC1-52CB-4700-9E3C-2D74D01ABA23}.Debug|x86.Build.0 = Debug|Any CPU
		{63537EC1-52CB-4700-9E3C-2D74D01ABA23}.Release|Any CPU.ActiveCfg = Release|Any CPU
		{63537EC1-52CB-4700-9E3C-2D74D01ABA23}.Release|Any CPU.Build.0 = Release|Any CPU
		{63537EC1-52CB-4700-9E3C-2D74D01ABA23}.Release|x64.ActiveCfg = Release|Any CPU
		{63537EC1-52CB-4700-9E3C-2D74D01ABA23}.Release|x64.Build.0 = Release|Any CPU
		{63537EC1-52CB-4700-9E3C-2D74D01ABA23}.Release|x86.ActiveCfg = Release|Any CPU
		{63537EC1-52CB-4700-9E3C-2D74D01ABA23}.Release|x86.Build.0 = Release|Any CPU
		{BC82558F-68D8-4170-A187-773E09CC58D4}.Debug|Any CPU.ActiveCfg = Debug|Any CPU
		{BC82558F-68D8-4170-A187-773E09CC58D4}.Debug|Any CPU.Build.0 = Debug|Any CPU
		{BC82558F-68D8-4170-A187-773E09CC58D4}.Debug|x64.ActiveCfg = Debug|Any CPU
		{BC82558F-68D8-4170-A187-773E09CC58D4}.Debug|x64.Build.0 = Debug|Any CPU
		{BC82558F-68D8-4170-A187-773E09CC58D4}.Debug|x86.ActiveCfg = Debug|Any CPU
		{BC82558F-68D8-4170-A187-773E09CC58D4}.Debug|x86.Build.0 = Debug|Any CPU
		{BC82558F-68D8-4170-A187-773E09CC58D4}.Release|Any CPU.ActiveCfg = Release|Any CPU
		{BC82558F-68D8-4170-A187-773E09CC58D4}.Release|Any CPU.Build.0 = Release|Any CPU
		{BC82558F-68D8-4170-A187-773E09CC58D4}.Release|x64.ActiveCfg = Release|Any CPU
		{BC82558F-68D8-4170-A187-773E09CC58D4}.Release|x64.Build.0 = Release|Any CPU
		{BC82558F-68D8-4170-A187-773E09CC58D4}.Release|x86.ActiveCfg = Release|Any CPU
		{BC82558F-68D8-4170-A187-773E09CC58D4}.Release|x86.Build.0 = Release|Any CPU
		{A0BD3B11-6820-4004-913C-4CE9462666F3}.Debug|Any CPU.ActiveCfg = Debug|Any CPU
		{A0BD3B11-6820-4004-913C-4CE9462666F3}.Debug|Any CPU.Build.0 = Debug|Any CPU
		{A0BD3B11-6820-4004-913C-4CE9462666F3}.Debug|x64.ActiveCfg = Debug|Any CPU
		{A0BD3B11-6820-4004-913C-4CE9462666F3}.Debug|x64.Build.0 = Debug|Any CPU
		{A0BD3B11-6820-4004-913C-4CE9462666F3}.Debug|x86.ActiveCfg = Debug|Any CPU
		{A0BD3B11-6820-4004-913C-4CE9462666F3}.Debug|x86.Build.0 = Debug|Any CPU
		{A0BD3B11-6820-4004-913C-4CE9462666F3}.Release|Any CPU.ActiveCfg = Release|Any CPU
		{A0BD3B11-6820-4004-913C-4CE9462666F3}.Release|Any CPU.Build.0 = Release|Any CPU
		{A0BD3B11-6820-4004-913C-4CE9462666F3}.Release|x64.ActiveCfg = Release|Any CPU
		{A0BD3B11-6820-4004-913C-4CE9462666F3}.Release|x64.Build.0 = Release|Any CPU
		{A0BD3B11-6820-4004-913C-4CE9462666F3}.Release|x86.ActiveCfg = Release|Any CPU
		{A0BD3B11-6820-4004-913C-4CE9462666F3}.Release|x86.Build.0 = Release|Any CPU
		{B07CDB6F-7EA0-4334-82B5-A1AA14E046F2}.Debug|Any CPU.ActiveCfg = Debug|Any CPU
		{B07CDB6F-7EA0-4334-82B5-A1AA14E046F2}.Debug|Any CPU.Build.0 = Debug|Any CPU
		{B07CDB6F-7EA0-4334-82B5-A1AA14E046F2}.Debug|x64.ActiveCfg = Debug|Any CPU
		{B07CDB6F-7EA0-4334-82B5-A1AA14E046F2}.Debug|x64.Build.0 = Debug|Any CPU
		{B07CDB6F-7EA0-4334-82B5-A1AA14E046F2}.Debug|x86.ActiveCfg = Debug|Any CPU
		{B07CDB6F-7EA0-4334-82B5-A1AA14E046F2}.Debug|x86.Build.0 = Debug|Any CPU
		{B07CDB6F-7EA0-4334-82B5-A1AA14E046F2}.Release|Any CPU.ActiveCfg = Release|Any CPU
		{B07CDB6F-7EA0-4334-82B5-A1AA14E046F2}.Release|Any CPU.Build.0 = Release|Any CPU
		{B07CDB6F-7EA0-4334-82B5-A1AA14E046F2}.Release|x64.ActiveCfg = Release|Any CPU
		{B07CDB6F-7EA0-4334-82B5-A1AA14E046F2}.Release|x64.Build.0 = Release|Any CPU
		{B07CDB6F-7EA0-4334-82B5-A1AA14E046F2}.Release|x86.ActiveCfg = Release|Any CPU
		{B07CDB6F-7EA0-4334-82B5-A1AA14E046F2}.Release|x86.Build.0 = Release|Any CPU
		{F7A5A4A2-9EF1-4A39-94AC-C3D5FFFC2C1D}.Debug|Any CPU.ActiveCfg = Debug|Any CPU
		{F7A5A4A2-9EF1-4A39-94AC-C3D5FFFC2C1D}.Debug|Any CPU.Build.0 = Debug|Any CPU
		{F7A5A4A2-9EF1-4A39-94AC-C3D5FFFC2C1D}.Debug|x64.ActiveCfg = Debug|Any CPU
		{F7A5A4A2-9EF1-4A39-94AC-C3D5FFFC2C1D}.Debug|x64.Build.0 = Debug|Any CPU
		{F7A5A4A2-9EF1-4A39-94AC-C3D5FFFC2C1D}.Debug|x86.ActiveCfg = Debug|Any CPU
		{F7A5A4A2-9EF1-4A39-94AC-C3D5FFFC2C1D}.Debug|x86.Build.0 = Debug|Any CPU
		{F7A5A4A2-9EF1-4A39-94AC-C3D5FFFC2C1D}.Release|Any CPU.ActiveCfg = Release|Any CPU
		{F7A5A4A2-9EF1-4A39-94AC-C3D5FFFC2C1D}.Release|Any CPU.Build.0 = Release|Any CPU
		{F7A5A4A2-9EF1-4A39-94AC-C3D5FFFC2C1D}.Release|x64.ActiveCfg = Release|Any CPU
		{F7A5A4A2-9EF1-4A39-94AC-C3D5FFFC2C1D}.Release|x64.Build.0 = Release|Any CPU
		{F7A5A4A2-9EF1-4A39-94AC-C3D5FFFC2C1D}.Release|x86.ActiveCfg = Release|Any CPU
		{F7A5A4A2-9EF1-4A39-94AC-C3D5FFFC2C1D}.Release|x86.Build.0 = Release|Any CPU
		{2E05A20D-5074-4E04-9E3B-FF62ACFC55A6}.Debug|Any CPU.ActiveCfg = Debug|Any CPU
		{2E05A20D-5074-4E04-9E3B-FF62ACFC55A6}.Debug|Any CPU.Build.0 = Debug|Any CPU
		{2E05A20D-5074-4E04-9E3B-FF62ACFC55A6}.Debug|x64.ActiveCfg = Debug|Any CPU
		{2E05A20D-5074-4E04-9E3B-FF62ACFC55A6}.Debug|x64.Build.0 = Debug|Any CPU
		{2E05A20D-5074-4E04-9E3B-FF62ACFC55A6}.Debug|x86.ActiveCfg = Debug|Any CPU
		{2E05A20D-5074-4E04-9E3B-FF62ACFC55A6}.Debug|x86.Build.0 = Debug|Any CPU
		{2E05A20D-5074-4E04-9E3B-FF62ACFC55A6}.Release|Any CPU.ActiveCfg = Release|Any CPU
		{2E05A20D-5074-4E04-9E3B-FF62ACFC55A6}.Release|Any CPU.Build.0 = Release|Any CPU
		{2E05A20D-5074-4E04-9E3B-FF62ACFC55A6}.Release|x64.ActiveCfg = Release|Any CPU
		{2E05A20D-5074-4E04-9E3B-FF62ACFC55A6}.Release|x64.Build.0 = Release|Any CPU
		{2E05A20D-5074-4E04-9E3B-FF62ACFC55A6}.Release|x86.ActiveCfg = Release|Any CPU
		{2E05A20D-5074-4E04-9E3B-FF62ACFC55A6}.Release|x86.Build.0 = Release|Any CPU
		{565B8677-2387-4B73-B4CC-803233144DBE}.Debug|Any CPU.ActiveCfg = Debug|Any CPU
		{565B8677-2387-4B73-B4CC-803233144DBE}.Debug|Any CPU.Build.0 = Debug|Any CPU
		{565B8677-2387-4B73-B4CC-803233144DBE}.Debug|x64.ActiveCfg = Debug|Any CPU
		{565B8677-2387-4B73-B4CC-803233144DBE}.Debug|x64.Build.0 = Debug|Any CPU
		{565B8677-2387-4B73-B4CC-803233144DBE}.Debug|x86.ActiveCfg = Debug|Any CPU
		{565B8677-2387-4B73-B4CC-803233144DBE}.Debug|x86.Build.0 = Debug|Any CPU
		{565B8677-2387-4B73-B4CC-803233144DBE}.Release|Any CPU.ActiveCfg = Release|Any CPU
		{565B8677-2387-4B73-B4CC-803233144DBE}.Release|Any CPU.Build.0 = Release|Any CPU
		{565B8677-2387-4B73-B4CC-803233144DBE}.Release|x64.ActiveCfg = Release|Any CPU
		{565B8677-2387-4B73-B4CC-803233144DBE}.Release|x64.Build.0 = Release|Any CPU
		{565B8677-2387-4B73-B4CC-803233144DBE}.Release|x86.ActiveCfg = Release|Any CPU
		{565B8677-2387-4B73-B4CC-803233144DBE}.Release|x86.Build.0 = Release|Any CPU
		{310E67A1-F757-4511-8A32-B2EF0E9069AB}.Debug|Any CPU.ActiveCfg = Debug|Any CPU
		{310E67A1-F757-4511-8A32-B2EF0E9069AB}.Debug|Any CPU.Build.0 = Debug|Any CPU
		{310E67A1-F757-4511-8A32-B2EF0E9069AB}.Debug|x64.ActiveCfg = Debug|Any CPU
		{310E67A1-F757-4511-8A32-B2EF0E9069AB}.Debug|x64.Build.0 = Debug|Any CPU
		{310E67A1-F757-4511-8A32-B2EF0E9069AB}.Debug|x86.ActiveCfg = Debug|Any CPU
		{310E67A1-F757-4511-8A32-B2EF0E9069AB}.Debug|x86.Build.0 = Debug|Any CPU
		{310E67A1-F757-4511-8A32-B2EF0E9069AB}.Release|Any CPU.ActiveCfg = Release|Any CPU
		{310E67A1-F757-4511-8A32-B2EF0E9069AB}.Release|Any CPU.Build.0 = Release|Any CPU
		{310E67A1-F757-4511-8A32-B2EF0E9069AB}.Release|x64.ActiveCfg = Release|Any CPU
		{310E67A1-F757-4511-8A32-B2EF0E9069AB}.Release|x64.Build.0 = Release|Any CPU
		{310E67A1-F757-4511-8A32-B2EF0E9069AB}.Release|x86.ActiveCfg = Release|Any CPU
		{310E67A1-F757-4511-8A32-B2EF0E9069AB}.Release|x86.Build.0 = Release|Any CPU
		{C8638924-D833-4096-83F3-DEB73E9866E6}.Debug|Any CPU.ActiveCfg = Debug|Any CPU
		{C8638924-D833-4096-83F3-DEB73E9866E6}.Debug|Any CPU.Build.0 = Debug|Any CPU
		{C8638924-D833-4096-83F3-DEB73E9866E6}.Debug|x64.ActiveCfg = Debug|Any CPU
		{C8638924-D833-4096-83F3-DEB73E9866E6}.Debug|x64.Build.0 = Debug|Any CPU
		{C8638924-D833-4096-83F3-DEB73E9866E6}.Debug|x86.ActiveCfg = Debug|Any CPU
		{C8638924-D833-4096-83F3-DEB73E9866E6}.Debug|x86.Build.0 = Debug|Any CPU
		{C8638924-D833-4096-83F3-DEB73E9866E6}.Release|Any CPU.ActiveCfg = Release|Any CPU
		{C8638924-D833-4096-83F3-DEB73E9866E6}.Release|Any CPU.Build.0 = Release|Any CPU
		{C8638924-D833-4096-83F3-DEB73E9866E6}.Release|x64.ActiveCfg = Release|Any CPU
		{C8638924-D833-4096-83F3-DEB73E9866E6}.Release|x64.Build.0 = Release|Any CPU
		{C8638924-D833-4096-83F3-DEB73E9866E6}.Release|x86.ActiveCfg = Release|Any CPU
		{C8638924-D833-4096-83F3-DEB73E9866E6}.Release|x86.Build.0 = Release|Any CPU
		{646009BB-C941-48E4-BD77-59F9C59B1BE9}.Debug|Any CPU.ActiveCfg = Debug|Any CPU
		{646009BB-C941-48E4-BD77-59F9C59B1BE9}.Debug|Any CPU.Build.0 = Debug|Any CPU
		{646009BB-C941-48E4-BD77-59F9C59B1BE9}.Debug|x64.ActiveCfg = Debug|Any CPU
		{646009BB-C941-48E4-BD77-59F9C59B1BE9}.Debug|x64.Build.0 = Debug|Any CPU
		{646009BB-C941-48E4-BD77-59F9C59B1BE9}.Debug|x86.ActiveCfg = Debug|Any CPU
		{646009BB-C941-48E4-BD77-59F9C59B1BE9}.Debug|x86.Build.0 = Debug|Any CPU
		{646009BB-C941-48E4-BD77-59F9C59B1BE9}.Release|Any CPU.ActiveCfg = Release|Any CPU
		{646009BB-C941-48E4-BD77-59F9C59B1BE9}.Release|Any CPU.Build.0 = Release|Any CPU
		{646009BB-C941-48E4-BD77-59F9C59B1BE9}.Release|x64.ActiveCfg = Release|Any CPU
		{646009BB-C941-48E4-BD77-59F9C59B1BE9}.Release|x64.Build.0 = Release|Any CPU
		{646009BB-C941-48E4-BD77-59F9C59B1BE9}.Release|x86.ActiveCfg = Release|Any CPU
		{646009BB-C941-48E4-BD77-59F9C59B1BE9}.Release|x86.Build.0 = Release|Any CPU
		{47805BD9-18FF-4D9D-8C70-DF27B5651E63}.Debug|Any CPU.ActiveCfg = Debug|Any CPU
		{47805BD9-18FF-4D9D-8C70-DF27B5651E63}.Debug|Any CPU.Build.0 = Debug|Any CPU
		{47805BD9-18FF-4D9D-8C70-DF27B5651E63}.Debug|x64.ActiveCfg = Debug|Any CPU
		{47805BD9-18FF-4D9D-8C70-DF27B5651E63}.Debug|x64.Build.0 = Debug|Any CPU
		{47805BD9-18FF-4D9D-8C70-DF27B5651E63}.Debug|x86.ActiveCfg = Debug|Any CPU
		{47805BD9-18FF-4D9D-8C70-DF27B5651E63}.Debug|x86.Build.0 = Debug|Any CPU
		{47805BD9-18FF-4D9D-8C70-DF27B5651E63}.Release|Any CPU.ActiveCfg = Release|Any CPU
		{47805BD9-18FF-4D9D-8C70-DF27B5651E63}.Release|Any CPU.Build.0 = Release|Any CPU
		{47805BD9-18FF-4D9D-8C70-DF27B5651E63}.Release|x64.ActiveCfg = Release|Any CPU
		{47805BD9-18FF-4D9D-8C70-DF27B5651E63}.Release|x64.Build.0 = Release|Any CPU
		{47805BD9-18FF-4D9D-8C70-DF27B5651E63}.Release|x86.ActiveCfg = Release|Any CPU
		{47805BD9-18FF-4D9D-8C70-DF27B5651E63}.Release|x86.Build.0 = Release|Any CPU
		{B06EE2FA-2A13-4D20-824B-97CA8F892AE4}.Debug|Any CPU.ActiveCfg = Debug|Any CPU
		{B06EE2FA-2A13-4D20-824B-97CA8F892AE4}.Debug|Any CPU.Build.0 = Debug|Any CPU
		{B06EE2FA-2A13-4D20-824B-97CA8F892AE4}.Debug|x64.ActiveCfg = Debug|Any CPU
		{B06EE2FA-2A13-4D20-824B-97CA8F892AE4}.Debug|x64.Build.0 = Debug|Any CPU
		{B06EE2FA-2A13-4D20-824B-97CA8F892AE4}.Debug|x86.ActiveCfg = Debug|Any CPU
		{B06EE2FA-2A13-4D20-824B-97CA8F892AE4}.Debug|x86.Build.0 = Debug|Any CPU
		{B06EE2FA-2A13-4D20-824B-97CA8F892AE4}.Release|Any CPU.ActiveCfg = Release|Any CPU
		{B06EE2FA-2A13-4D20-824B-97CA8F892AE4}.Release|Any CPU.Build.0 = Release|Any CPU
		{B06EE2FA-2A13-4D20-824B-97CA8F892AE4}.Release|x64.ActiveCfg = Release|Any CPU
		{B06EE2FA-2A13-4D20-824B-97CA8F892AE4}.Release|x64.Build.0 = Release|Any CPU
		{B06EE2FA-2A13-4D20-824B-97CA8F892AE4}.Release|x86.ActiveCfg = Release|Any CPU
		{B06EE2FA-2A13-4D20-824B-97CA8F892AE4}.Release|x86.Build.0 = Release|Any CPU
		{C35A18F1-B082-4082-9A03-319E634BBE2B}.Debug|Any CPU.ActiveCfg = Debug|Any CPU
		{C35A18F1-B082-4082-9A03-319E634BBE2B}.Debug|Any CPU.Build.0 = Debug|Any CPU
		{C35A18F1-B082-4082-9A03-319E634BBE2B}.Debug|x64.ActiveCfg = Debug|Any CPU
		{C35A18F1-B082-4082-9A03-319E634BBE2B}.Debug|x64.Build.0 = Debug|Any CPU
		{C35A18F1-B082-4082-9A03-319E634BBE2B}.Debug|x86.ActiveCfg = Debug|Any CPU
		{C35A18F1-B082-4082-9A03-319E634BBE2B}.Debug|x86.Build.0 = Debug|Any CPU
		{C35A18F1-B082-4082-9A03-319E634BBE2B}.Release|Any CPU.ActiveCfg = Release|Any CPU
		{C35A18F1-B082-4082-9A03-319E634BBE2B}.Release|Any CPU.Build.0 = Release|Any CPU
		{C35A18F1-B082-4082-9A03-319E634BBE2B}.Release|x64.ActiveCfg = Release|Any CPU
		{C35A18F1-B082-4082-9A03-319E634BBE2B}.Release|x64.Build.0 = Release|Any CPU
		{C35A18F1-B082-4082-9A03-319E634BBE2B}.Release|x86.ActiveCfg = Release|Any CPU
		{C35A18F1-B082-4082-9A03-319E634BBE2B}.Release|x86.Build.0 = Release|Any CPU
		{8B191B76-EFF8-4A18-A692-263CE447F3E1}.Debug|Any CPU.ActiveCfg = Debug|Any CPU
		{8B191B76-EFF8-4A18-A692-263CE447F3E1}.Debug|Any CPU.Build.0 = Debug|Any CPU
		{8B191B76-EFF8-4A18-A692-263CE447F3E1}.Debug|x64.ActiveCfg = Debug|Any CPU
		{8B191B76-EFF8-4A18-A692-263CE447F3E1}.Debug|x64.Build.0 = Debug|Any CPU
		{8B191B76-EFF8-4A18-A692-263CE447F3E1}.Debug|x86.ActiveCfg = Debug|Any CPU
		{8B191B76-EFF8-4A18-A692-263CE447F3E1}.Debug|x86.Build.0 = Debug|Any CPU
		{8B191B76-EFF8-4A18-A692-263CE447F3E1}.Release|Any CPU.ActiveCfg = Release|Any CPU
		{8B191B76-EFF8-4A18-A692-263CE447F3E1}.Release|Any CPU.Build.0 = Release|Any CPU
		{8B191B76-EFF8-4A18-A692-263CE447F3E1}.Release|x64.ActiveCfg = Release|Any CPU
		{8B191B76-EFF8-4A18-A692-263CE447F3E1}.Release|x64.Build.0 = Release|Any CPU
		{8B191B76-EFF8-4A18-A692-263CE447F3E1}.Release|x86.ActiveCfg = Release|Any CPU
		{8B191B76-EFF8-4A18-A692-263CE447F3E1}.Release|x86.Build.0 = Release|Any CPU
		{41898AF5-61F9-4F98-8787-A086F6A81647}.Debug|Any CPU.ActiveCfg = Debug|Any CPU
		{41898AF5-61F9-4F98-8787-A086F6A81647}.Debug|Any CPU.Build.0 = Debug|Any CPU
		{41898AF5-61F9-4F98-8787-A086F6A81647}.Debug|x64.ActiveCfg = Debug|Any CPU
		{41898AF5-61F9-4F98-8787-A086F6A81647}.Debug|x64.Build.0 = Debug|Any CPU
		{41898AF5-61F9-4F98-8787-A086F6A81647}.Debug|x86.ActiveCfg = Debug|Any CPU
		{41898AF5-61F9-4F98-8787-A086F6A81647}.Debug|x86.Build.0 = Debug|Any CPU
		{41898AF5-61F9-4F98-8787-A086F6A81647}.Release|Any CPU.ActiveCfg = Release|Any CPU
		{41898AF5-61F9-4F98-8787-A086F6A81647}.Release|Any CPU.Build.0 = Release|Any CPU
		{41898AF5-61F9-4F98-8787-A086F6A81647}.Release|x64.ActiveCfg = Release|Any CPU
		{41898AF5-61F9-4F98-8787-A086F6A81647}.Release|x64.Build.0 = Release|Any CPU
		{41898AF5-61F9-4F98-8787-A086F6A81647}.Release|x86.ActiveCfg = Release|Any CPU
		{41898AF5-61F9-4F98-8787-A086F6A81647}.Release|x86.Build.0 = Release|Any CPU
		{2ED3D632-4066-4752-81E6-D448BF5B2292}.Debug|Any CPU.ActiveCfg = Debug|Any CPU
		{2ED3D632-4066-4752-81E6-D448BF5B2292}.Debug|Any CPU.Build.0 = Debug|Any CPU
		{2ED3D632-4066-4752-81E6-D448BF5B2292}.Debug|x64.ActiveCfg = Debug|Any CPU
		{2ED3D632-4066-4752-81E6-D448BF5B2292}.Debug|x64.Build.0 = Debug|Any CPU
		{2ED3D632-4066-4752-81E6-D448BF5B2292}.Debug|x86.ActiveCfg = Debug|Any CPU
		{2ED3D632-4066-4752-81E6-D448BF5B2292}.Debug|x86.Build.0 = Debug|Any CPU
		{2ED3D632-4066-4752-81E6-D448BF5B2292}.Release|Any CPU.ActiveCfg = Release|Any CPU
		{2ED3D632-4066-4752-81E6-D448BF5B2292}.Release|Any CPU.Build.0 = Release|Any CPU
		{2ED3D632-4066-4752-81E6-D448BF5B2292}.Release|x64.ActiveCfg = Release|Any CPU
		{2ED3D632-4066-4752-81E6-D448BF5B2292}.Release|x64.Build.0 = Release|Any CPU
		{2ED3D632-4066-4752-81E6-D448BF5B2292}.Release|x86.ActiveCfg = Release|Any CPU
		{2ED3D632-4066-4752-81E6-D448BF5B2292}.Release|x86.Build.0 = Release|Any CPU
		{2E12AEAB-9528-4FB7-A898-33A7345259EF}.Debug|Any CPU.ActiveCfg = Debug|Any CPU
		{2E12AEAB-9528-4FB7-A898-33A7345259EF}.Debug|Any CPU.Build.0 = Debug|Any CPU
		{2E12AEAB-9528-4FB7-A898-33A7345259EF}.Debug|x64.ActiveCfg = Debug|Any CPU
		{2E12AEAB-9528-4FB7-A898-33A7345259EF}.Debug|x64.Build.0 = Debug|Any CPU
		{2E12AEAB-9528-4FB7-A898-33A7345259EF}.Debug|x86.ActiveCfg = Debug|Any CPU
		{2E12AEAB-9528-4FB7-A898-33A7345259EF}.Debug|x86.Build.0 = Debug|Any CPU
		{2E12AEAB-9528-4FB7-A898-33A7345259EF}.Release|Any CPU.ActiveCfg = Release|Any CPU
		{2E12AEAB-9528-4FB7-A898-33A7345259EF}.Release|Any CPU.Build.0 = Release|Any CPU
		{2E12AEAB-9528-4FB7-A898-33A7345259EF}.Release|x64.ActiveCfg = Release|Any CPU
		{2E12AEAB-9528-4FB7-A898-33A7345259EF}.Release|x64.Build.0 = Release|Any CPU
		{2E12AEAB-9528-4FB7-A898-33A7345259EF}.Release|x86.ActiveCfg = Release|Any CPU
		{2E12AEAB-9528-4FB7-A898-33A7345259EF}.Release|x86.Build.0 = Release|Any CPU
		{20F3BBC6-D309-402E-AB98-26BE786FFAFF}.Debug|Any CPU.ActiveCfg = Debug|Any CPU
		{20F3BBC6-D309-402E-AB98-26BE786FFAFF}.Debug|Any CPU.Build.0 = Debug|Any CPU
		{20F3BBC6-D309-402E-AB98-26BE786FFAFF}.Debug|x64.ActiveCfg = Debug|Any CPU
		{20F3BBC6-D309-402E-AB98-26BE786FFAFF}.Debug|x64.Build.0 = Debug|Any CPU
		{20F3BBC6-D309-402E-AB98-26BE786FFAFF}.Debug|x86.ActiveCfg = Debug|Any CPU
		{20F3BBC6-D309-402E-AB98-26BE786FFAFF}.Debug|x86.Build.0 = Debug|Any CPU
		{20F3BBC6-D309-402E-AB98-26BE786FFAFF}.Release|Any CPU.ActiveCfg = Release|Any CPU
		{20F3BBC6-D309-402E-AB98-26BE786FFAFF}.Release|Any CPU.Build.0 = Release|Any CPU
		{20F3BBC6-D309-402E-AB98-26BE786FFAFF}.Release|x64.ActiveCfg = Release|Any CPU
		{20F3BBC6-D309-402E-AB98-26BE786FFAFF}.Release|x64.Build.0 = Release|Any CPU
		{20F3BBC6-D309-402E-AB98-26BE786FFAFF}.Release|x86.ActiveCfg = Release|Any CPU
		{20F3BBC6-D309-402E-AB98-26BE786FFAFF}.Release|x86.Build.0 = Release|Any CPU
		{35E7E7AF-9CC5-45A4-837E-4454E6B79E3A}.Debug|Any CPU.ActiveCfg = Debug|Any CPU
		{35E7E7AF-9CC5-45A4-837E-4454E6B79E3A}.Debug|Any CPU.Build.0 = Debug|Any CPU
		{35E7E7AF-9CC5-45A4-837E-4454E6B79E3A}.Debug|x64.ActiveCfg = Debug|Any CPU
		{35E7E7AF-9CC5-45A4-837E-4454E6B79E3A}.Debug|x64.Build.0 = Debug|Any CPU
		{35E7E7AF-9CC5-45A4-837E-4454E6B79E3A}.Debug|x86.ActiveCfg = Debug|Any CPU
		{35E7E7AF-9CC5-45A4-837E-4454E6B79E3A}.Debug|x86.Build.0 = Debug|Any CPU
		{35E7E7AF-9CC5-45A4-837E-4454E6B79E3A}.Release|Any CPU.ActiveCfg = Release|Any CPU
		{35E7E7AF-9CC5-45A4-837E-4454E6B79E3A}.Release|Any CPU.Build.0 = Release|Any CPU
		{35E7E7AF-9CC5-45A4-837E-4454E6B79E3A}.Release|x64.ActiveCfg = Release|Any CPU
		{35E7E7AF-9CC5-45A4-837E-4454E6B79E3A}.Release|x64.Build.0 = Release|Any CPU
		{35E7E7AF-9CC5-45A4-837E-4454E6B79E3A}.Release|x86.ActiveCfg = Release|Any CPU
		{35E7E7AF-9CC5-45A4-837E-4454E6B79E3A}.Release|x86.Build.0 = Release|Any CPU
		{5927A533-3C8F-4262-88B7-C1A5202C3F88}.Debug|Any CPU.ActiveCfg = Debug|Any CPU
		{5927A533-3C8F-4262-88B7-C1A5202C3F88}.Debug|Any CPU.Build.0 = Debug|Any CPU
		{5927A533-3C8F-4262-88B7-C1A5202C3F88}.Debug|x64.ActiveCfg = Debug|Any CPU
		{5927A533-3C8F-4262-88B7-C1A5202C3F88}.Debug|x64.Build.0 = Debug|Any CPU
		{5927A533-3C8F-4262-88B7-C1A5202C3F88}.Debug|x86.ActiveCfg = Debug|Any CPU
		{5927A533-3C8F-4262-88B7-C1A5202C3F88}.Debug|x86.Build.0 = Debug|Any CPU
		{5927A533-3C8F-4262-88B7-C1A5202C3F88}.Release|Any CPU.ActiveCfg = Release|Any CPU
		{5927A533-3C8F-4262-88B7-C1A5202C3F88}.Release|Any CPU.Build.0 = Release|Any CPU
		{5927A533-3C8F-4262-88B7-C1A5202C3F88}.Release|x64.ActiveCfg = Release|Any CPU
		{5927A533-3C8F-4262-88B7-C1A5202C3F88}.Release|x64.Build.0 = Release|Any CPU
		{5927A533-3C8F-4262-88B7-C1A5202C3F88}.Release|x86.ActiveCfg = Release|Any CPU
		{5927A533-3C8F-4262-88B7-C1A5202C3F88}.Release|x86.Build.0 = Release|Any CPU
		{AFE00AE2-958B-47C2-8B10-1CD940838049}.Debug|Any CPU.ActiveCfg = Debug|Any CPU
		{AFE00AE2-958B-47C2-8B10-1CD940838049}.Debug|Any CPU.Build.0 = Debug|Any CPU
		{AFE00AE2-958B-47C2-8B10-1CD940838049}.Debug|x64.ActiveCfg = Debug|Any CPU
		{AFE00AE2-958B-47C2-8B10-1CD940838049}.Debug|x64.Build.0 = Debug|Any CPU
		{AFE00AE2-958B-47C2-8B10-1CD940838049}.Debug|x86.ActiveCfg = Debug|Any CPU
		{AFE00AE2-958B-47C2-8B10-1CD940838049}.Debug|x86.Build.0 = Debug|Any CPU
		{AFE00AE2-958B-47C2-8B10-1CD940838049}.Release|Any CPU.ActiveCfg = Release|Any CPU
		{AFE00AE2-958B-47C2-8B10-1CD940838049}.Release|Any CPU.Build.0 = Release|Any CPU
		{AFE00AE2-958B-47C2-8B10-1CD940838049}.Release|x64.ActiveCfg = Release|Any CPU
		{AFE00AE2-958B-47C2-8B10-1CD940838049}.Release|x64.Build.0 = Release|Any CPU
		{AFE00AE2-958B-47C2-8B10-1CD940838049}.Release|x86.ActiveCfg = Release|Any CPU
		{AFE00AE2-958B-47C2-8B10-1CD940838049}.Release|x86.Build.0 = Release|Any CPU
		{8B5EB00A-C894-45EC-B0EC-7C7C6C1625A8}.Debug|Any CPU.ActiveCfg = Debug|Any CPU
		{8B5EB00A-C894-45EC-B0EC-7C7C6C1625A8}.Debug|Any CPU.Build.0 = Debug|Any CPU
		{8B5EB00A-C894-45EC-B0EC-7C7C6C1625A8}.Debug|x64.ActiveCfg = Debug|Any CPU
		{8B5EB00A-C894-45EC-B0EC-7C7C6C1625A8}.Debug|x64.Build.0 = Debug|Any CPU
		{8B5EB00A-C894-45EC-B0EC-7C7C6C1625A8}.Debug|x86.ActiveCfg = Debug|Any CPU
		{8B5EB00A-C894-45EC-B0EC-7C7C6C1625A8}.Debug|x86.Build.0 = Debug|Any CPU
		{8B5EB00A-C894-45EC-B0EC-7C7C6C1625A8}.Release|Any CPU.ActiveCfg = Release|Any CPU
		{8B5EB00A-C894-45EC-B0EC-7C7C6C1625A8}.Release|Any CPU.Build.0 = Release|Any CPU
		{8B5EB00A-C894-45EC-B0EC-7C7C6C1625A8}.Release|x64.ActiveCfg = Release|Any CPU
		{8B5EB00A-C894-45EC-B0EC-7C7C6C1625A8}.Release|x64.Build.0 = Release|Any CPU
		{8B5EB00A-C894-45EC-B0EC-7C7C6C1625A8}.Release|x86.ActiveCfg = Release|Any CPU
		{8B5EB00A-C894-45EC-B0EC-7C7C6C1625A8}.Release|x86.Build.0 = Release|Any CPU
		{4F0B5F80-4A6A-4708-90E8-4F763D7A1287}.Debug|Any CPU.ActiveCfg = Debug|Any CPU
		{4F0B5F80-4A6A-4708-90E8-4F763D7A1287}.Debug|Any CPU.Build.0 = Debug|Any CPU
		{4F0B5F80-4A6A-4708-90E8-4F763D7A1287}.Debug|x64.ActiveCfg = Debug|Any CPU
		{4F0B5F80-4A6A-4708-90E8-4F763D7A1287}.Debug|x64.Build.0 = Debug|Any CPU
		{4F0B5F80-4A6A-4708-90E8-4F763D7A1287}.Debug|x86.ActiveCfg = Debug|Any CPU
		{4F0B5F80-4A6A-4708-90E8-4F763D7A1287}.Debug|x86.Build.0 = Debug|Any CPU
		{4F0B5F80-4A6A-4708-90E8-4F763D7A1287}.Release|Any CPU.ActiveCfg = Release|Any CPU
		{4F0B5F80-4A6A-4708-90E8-4F763D7A1287}.Release|Any CPU.Build.0 = Release|Any CPU
		{4F0B5F80-4A6A-4708-90E8-4F763D7A1287}.Release|x64.ActiveCfg = Release|Any CPU
		{4F0B5F80-4A6A-4708-90E8-4F763D7A1287}.Release|x64.Build.0 = Release|Any CPU
		{4F0B5F80-4A6A-4708-90E8-4F763D7A1287}.Release|x86.ActiveCfg = Release|Any CPU
		{4F0B5F80-4A6A-4708-90E8-4F763D7A1287}.Release|x86.Build.0 = Release|Any CPU
		{AF12116F-A29D-4176-8B40-531D423570B5}.Debug|Any CPU.ActiveCfg = Debug|Any CPU
		{AF12116F-A29D-4176-8B40-531D423570B5}.Debug|Any CPU.Build.0 = Debug|Any CPU
		{AF12116F-A29D-4176-8B40-531D423570B5}.Debug|x64.ActiveCfg = Debug|Any CPU
		{AF12116F-A29D-4176-8B40-531D423570B5}.Debug|x64.Build.0 = Debug|Any CPU
		{AF12116F-A29D-4176-8B40-531D423570B5}.Debug|x86.ActiveCfg = Debug|Any CPU
		{AF12116F-A29D-4176-8B40-531D423570B5}.Debug|x86.Build.0 = Debug|Any CPU
		{AF12116F-A29D-4176-8B40-531D423570B5}.Release|Any CPU.ActiveCfg = Release|Any CPU
		{AF12116F-A29D-4176-8B40-531D423570B5}.Release|Any CPU.Build.0 = Release|Any CPU
		{AF12116F-A29D-4176-8B40-531D423570B5}.Release|x64.ActiveCfg = Release|Any CPU
		{AF12116F-A29D-4176-8B40-531D423570B5}.Release|x64.Build.0 = Release|Any CPU
		{AF12116F-A29D-4176-8B40-531D423570B5}.Release|x86.ActiveCfg = Release|Any CPU
		{AF12116F-A29D-4176-8B40-531D423570B5}.Release|x86.Build.0 = Release|Any CPU
		{068C5BF5-5F9B-48A9-A23C-8F68FC16F467}.Debug|Any CPU.ActiveCfg = Debug|Any CPU
		{068C5BF5-5F9B-48A9-A23C-8F68FC16F467}.Debug|Any CPU.Build.0 = Debug|Any CPU
		{068C5BF5-5F9B-48A9-A23C-8F68FC16F467}.Debug|x64.ActiveCfg = Debug|Any CPU
		{068C5BF5-5F9B-48A9-A23C-8F68FC16F467}.Debug|x64.Build.0 = Debug|Any CPU
		{068C5BF5-5F9B-48A9-A23C-8F68FC16F467}.Debug|x86.ActiveCfg = Debug|Any CPU
		{068C5BF5-5F9B-48A9-A23C-8F68FC16F467}.Debug|x86.Build.0 = Debug|Any CPU
		{068C5BF5-5F9B-48A9-A23C-8F68FC16F467}.Release|Any CPU.ActiveCfg = Release|Any CPU
		{068C5BF5-5F9B-48A9-A23C-8F68FC16F467}.Release|Any CPU.Build.0 = Release|Any CPU
		{068C5BF5-5F9B-48A9-A23C-8F68FC16F467}.Release|x64.ActiveCfg = Release|Any CPU
		{068C5BF5-5F9B-48A9-A23C-8F68FC16F467}.Release|x64.Build.0 = Release|Any CPU
		{068C5BF5-5F9B-48A9-A23C-8F68FC16F467}.Release|x86.ActiveCfg = Release|Any CPU
		{068C5BF5-5F9B-48A9-A23C-8F68FC16F467}.Release|x86.Build.0 = Release|Any CPU
		{BC5A0815-2B92-4D65-AA72-5CCC8BC2631B}.Debug|Any CPU.ActiveCfg = Debug|Any CPU
		{BC5A0815-2B92-4D65-AA72-5CCC8BC2631B}.Debug|Any CPU.Build.0 = Debug|Any CPU
		{BC5A0815-2B92-4D65-AA72-5CCC8BC2631B}.Debug|x64.ActiveCfg = Debug|Any CPU
		{BC5A0815-2B92-4D65-AA72-5CCC8BC2631B}.Debug|x64.Build.0 = Debug|Any CPU
		{BC5A0815-2B92-4D65-AA72-5CCC8BC2631B}.Debug|x86.ActiveCfg = Debug|Any CPU
		{BC5A0815-2B92-4D65-AA72-5CCC8BC2631B}.Debug|x86.Build.0 = Debug|Any CPU
		{BC5A0815-2B92-4D65-AA72-5CCC8BC2631B}.Release|Any CPU.ActiveCfg = Release|Any CPU
		{BC5A0815-2B92-4D65-AA72-5CCC8BC2631B}.Release|Any CPU.Build.0 = Release|Any CPU
		{BC5A0815-2B92-4D65-AA72-5CCC8BC2631B}.Release|x64.ActiveCfg = Release|Any CPU
		{BC5A0815-2B92-4D65-AA72-5CCC8BC2631B}.Release|x64.Build.0 = Release|Any CPU
		{BC5A0815-2B92-4D65-AA72-5CCC8BC2631B}.Release|x86.ActiveCfg = Release|Any CPU
		{BC5A0815-2B92-4D65-AA72-5CCC8BC2631B}.Release|x86.Build.0 = Release|Any CPU
	EndGlobalSection
	GlobalSection(SolutionProperties) = preSolution
		HideSolutionNode = FALSE
	EndGlobalSection
	GlobalSection(NestedProjects) = preSolution
		{E70FE54D-8877-49CA-BB73-5ECEB9848296} = {827E0CD3-B72D-47B6-A68D-7590B98EB39B}
		{D0F9CD54-8B44-4BDA-80A4-293FE9B4340E} = {827E0CD3-B72D-47B6-A68D-7590B98EB39B}
		{63537EC1-52CB-4700-9E3C-2D74D01ABA23} = {827E0CD3-B72D-47B6-A68D-7590B98EB39B}
		{BC82558F-68D8-4170-A187-773E09CC58D4} = {827E0CD3-B72D-47B6-A68D-7590B98EB39B}
		{A0BD3B11-6820-4004-913C-4CE9462666F3} = {827E0CD3-B72D-47B6-A68D-7590B98EB39B}
		{B07CDB6F-7EA0-4334-82B5-A1AA14E046F2} = {827E0CD3-B72D-47B6-A68D-7590B98EB39B}
		{F7A5A4A2-9EF1-4A39-94AC-C3D5FFFC2C1D} = {07D57EEB-2F50-60C4-C011-FE4FA775C9A8}
		{2E05A20D-5074-4E04-9E3B-FF62ACFC55A6} = {0AB3BF05-4346-4AA6-1389-037BE0695223}
		{565B8677-2387-4B73-B4CC-803233144DBE} = {0AB3BF05-4346-4AA6-1389-037BE0695223}
		{310E67A1-F757-4511-8A32-B2EF0E9069AB} = {0AB3BF05-4346-4AA6-1389-037BE0695223}
		{B438D1FB-3EE5-27D2-C1DF-D15A71F974E8} = {0AB3BF05-4346-4AA6-1389-037BE0695223}
		{C8638924-D833-4096-83F3-DEB73E9866E6} = {B438D1FB-3EE5-27D2-C1DF-D15A71F974E8}
		{646009BB-C941-48E4-BD77-59F9C59B1BE9} = {07C2787E-EAC7-C090-1BA3-A61EC2A24D84}
		{47805BD9-18FF-4D9D-8C70-DF27B5651E63} = {07D57EEB-2F50-60C4-C011-FE4FA775C9A8}
		{B06EE2FA-2A13-4D20-824B-97CA8F892AE4} = {07D57EEB-2F50-60C4-C011-FE4FA775C9A8}
		{C35A18F1-B082-4082-9A03-319E634BBE2B} = {0AB3BF05-4346-4AA6-1389-037BE0695223}
		{8B191B76-EFF8-4A18-A692-263CE447F3E1} = {07D57EEB-2F50-60C4-C011-FE4FA775C9A8}
		{41898AF5-61F9-4F98-8787-A086F6A81647} = {07D57EEB-2F50-60C4-C011-FE4FA775C9A8}
		{2ED3D632-4066-4752-81E6-D448BF5B2292} = {0AB3BF05-4346-4AA6-1389-037BE0695223}
		{2E12AEAB-9528-4FB7-A898-33A7345259EF} = {07D57EEB-2F50-60C4-C011-FE4FA775C9A8}
		{20F3BBC6-D309-402E-AB98-26BE786FFAFF} = {07D57EEB-2F50-60C4-C011-FE4FA775C9A8}
		{35E7E7AF-9CC5-45A4-837E-4454E6B79E3A} = {0AB3BF05-4346-4AA6-1389-037BE0695223}
		{5927A533-3C8F-4262-88B7-C1A5202C3F88} = {07D57EEB-2F50-60C4-C011-FE4FA775C9A8}
		{AFE00AE2-958B-47C2-8B10-1CD940838049} = {07D57EEB-2F50-60C4-C011-FE4FA775C9A8}
		{8B5EB00A-C894-45EC-B0EC-7C7C6C1625A8} = {0AB3BF05-4346-4AA6-1389-037BE0695223}
		{4F0B5F80-4A6A-4708-90E8-4F763D7A1287} = {D442743B-58F8-6878-1D07-F20286EDBFBA}
		{AF12116F-A29D-4176-8B40-531D423570B5} = {07D57EEB-2F50-60C4-C011-FE4FA775C9A8}
		{068C5BF5-5F9B-48A9-A23C-8F68FC16F467} = {07D57EEB-2F50-60C4-C011-FE4FA775C9A8}
		{BC5A0815-2B92-4D65-AA72-5CCC8BC2631B} = {0AB3BF05-4346-4AA6-1389-037BE0695223}
	EndGlobalSection
EndGlobal
