
Microsoft Visual Studio Solution File, Format Version 12.00
# Visual Studio Version 17
VisualStudioVersion = 17.0.31903.59
MinimumVisualStudioVersion = 10.0.40219.1
Project("{2150E333-8FDC-42A3-9474-1A3956D46DE8}") = "src", "src", "{827E0CD3-B72D-47B6-A68D-7590B98EB39B}"
EndProject
Project("{FAE04EC0-301F-11D3-BF4B-00C04F79EFBC}") = "Oadm.Client", "src\Oadm.Client\Oadm.Client.csproj", "{E70FE54D-8877-49CA-BB73-5ECEB9848296}"
EndProject
Project("{FAE04EC0-301F-11D3-BF4B-00C04F79EFBC}") = "Oadm.Contracts", "src\Oadm.Contracts\Oadm.Contracts.csproj", "{D0F9CD54-8B44-4BDA-80A4-293FE9B4340E}"
EndProject
Project("{FAE04EC0-301F-11D3-BF4B-00C04F79EFBC}") = "Oadm.Core", "src\Oadm.Core\Oadm.Core.csproj", "{63537EC1-52CB-4700-9E3C-2D74D01ABA23}"
EndProject
Project("{FAE04EC0-301F-11D3-BF4B-00C04F79EFBC}") = "Oadm.Sdk", "src\Oadm.Sdk\Oadm.Sdk.csproj", "{BC82558F-68D8-4170-A187-773E09CC58D4}"
EndProject
Project("{FAE04EC0-301F-11D3-BF4B-00C04F79EFBC}") = "Oadm.Sdk.Client", "src\Oadm.Sdk.Client\Oadm.Sdk.Client.csproj", "{A0BD3B11-6820-4004-913C-4CE9462666F3}"
EndProject
Project("{FAE04EC0-301F-11D3-BF4B-00C04F79EFBC}") = "Oadm.Server", "src\Oadm.Server\Oadm.Server.csproj", "{B07CDB6F-7EA0-4334-82B5-A1AA14E046F2}"
EndProject
Project("{2150E333-8FDC-42A3-9474-1A3956D46DE8}") = "plugins", "plugins", "{07D57EEB-2F50-60C4-C011-FE4FA775C9A8}"
EndProject
Project("{FAE04EC0-301F-11D3-BF4B-00C04F79EFBC}") = "Oadm.Plugins.Restart", "plugins\Oadm.Plugins.Restart\Oadm.Plugins.Restart.csproj", "{F7A5A4A2-9EF1-4A39-94AC-C3D5FFFC2C1D}"
EndProject
Project("{2150E333-8FDC-42A3-9474-1A3956D46DE8}") = "tests", "tests", "{0AB3BF05-4346-4AA6-1389-037BE0695223}"
EndProject
Project("{FAE04EC0-301F-11D3-BF4B-00C04F79EFBC}") = "Oadm.Client.Tests", "tests\Oadm.Client.Tests\Oadm.Client.Tests.csproj", "{2E05A20D-5074-4E04-9E3B-FF62ACFC55A6}"
EndProject
Project("{FAE04EC0-301F-11D3-BF4B-00C04F79EFBC}") = "Oadm.Core.Tests", "tests\Oadm.Core.Tests\Oadm.Core.Tests.csproj", "{565B8677-2387-4B73-B4CC-803233144DBE}"
EndProject
Project("{FAE04EC0-301F-11D3-BF4B-00C04F79EFBC}") = "Oadm.Server.Tests", "tests\Oadm.Server.Tests\Oadm.Server.Tests.csproj", "{310E67A1-F757-4511-8A32-B2EF0E9069AB}"
EndProject
Global
	GlobalSection(SolutionConfigurationPlatforms) = preSolution
		Debug|Any CPU = Debug|Any CPU
		Debug|x64 = Debug|x64
		Debug|x86 = Debug|x86
		Release|Any CPU = Release|Any CPU
		Release|x64 = Release|x64
		Release|x86 = Release|x86
	EndGlobalSection
	GlobalSection(ProjectConfigurationPlatforms) = postSolution
		{E70FE54D-8877-49CA-BB73-5ECEB9848296}.Debug|Any CPU.ActiveCfg = Debug|Any CPU
		{E70FE54D-8877-49CA-BB73-5ECEB9848296}.Debug|Any CPU.Build.0 = Debug|Any CPU
		{E70FE54D-8877-49CA-BB73-5ECEB9848296}.Debug|x64.ActiveCfg = Debug|Any CPU
		{E70FE54D-8877-49CA-BB73-5ECEB9848296}.Debug|x64.Build.0 = Debug|Any CPU
		{E70FE54D-8877-49CA-BB73-5ECEB9848296}.Debug|x86.ActiveCfg = Debug|Any CPU
		{E70FE54D-8877-49CA-BB73-5ECEB9848296}.Debug|x86.Build.0 = Debug|Any CPU
		{E70FE54D-8877-49CA-BB73-5ECEB9848296}.Release|Any CPU.ActiveCfg = Release|Any CPU
		{E70FE54D-8877-49CA-BB73-5ECEB9848296}.Release|Any CPU.Build.0 = Release|Any CPU
		{E70FE54D-8877-49CA-BB73-5ECEB9848296}.Release|x64.ActiveCfg = Release|Any CPU
		{E70FE54D-8877-49CA-BB73-5ECEB9848296}.Release|x64.Build.0 = Release|Any CPU
		{E70FE54D-8877-49CA-BB73-5ECEB9848296}.Release|x86.ActiveCfg = Release|Any CPU
		{E70FE54D-8877-49CA-BB73-5ECEB9848296}.Release|x86.Build.0 = Release|Any CPU
		{D0F9CD54-8B44-4BDA-80A4-293FE9B4340E}.Debug|Any CPU.ActiveCfg = Debug|Any CPU
		{D0F9CD54-8B44-4BDA-80A4-293FE9B4340E}.Debug|Any CPU.Build.0 = Debug|Any CPU
		{D0F9CD54-8B44-4BDA-80A4-293FE9B4340E}.Debug|x64.ActiveCfg = Debug|Any CPU
		{D0F9CD54-8B44-4BDA-80A4-293FE9B4340E}.Debug|x64.Build.0 = Debug|Any CPU
		{D0F9CD54-8B44-4BDA-80A4-293FE9B4340E}.Debug|x86.ActiveCfg = Debug|Any CPU
		{D0F9CD54-8B44-4BDA-80A4-293FE9B4340E}.Debug|x86.Build.0 = Debug|Any CPU
		{D0F9CD54-8B44-4BDA-80A4-293FE9B4340E}.Release|Any CPU.ActiveCfg = Release|Any CPU
		{D0F9CD54-8B44-4BDA-80A4-293FE9B4340E}.Release|Any CPU.Build.0 = Release|Any CPU
		{D0F9CD54-8B44-4BDA-80A4-293FE9B4340E}.Release|x64.ActiveCfg = Release|Any CPU
		{D0F9CD54-8B44-4BDA-80A4-293FE9B4340E}.Release|x64.Build.0 = Release|Any CPU
		{D0F9CD54-8B44-4BDA-80A4-293FE9B4340E}.Release|x86.ActiveCfg = Release|Any CPU
		{D0F9CD54-8B44-4BDA-80A4-293FE9B4340E}.Release|x86.Build.0 = Release|Any CPU
		{63537EC1-52CB-4700-9E3C-2D74D01ABA23}.Debug|Any CPU.ActiveCfg = Debug|Any CPU
		{63537EC1-52CB-4700-9E3C-2D74D01ABA23}.Debug|Any CPU.Build.0 = Debug|Any CPU
		{63537EC1-52CB-4700-9E3C-2D74D01ABA23}.Debug|x64.ActiveCfg = Debug|Any CPU
		{63537EC1-52CB-4700-9E3C-2D74D01ABA23}.Debug|x64.Build.0 = Debug|Any CPU
		{63537EC1-52CB-4700-9E3C-2D74D01ABA23}.Debug|x86.ActiveCfg = Debug|Any CPU
		{63537EC1-52CB-4700-9E3C-2D74D01ABA23}.Debug|x86.Build.0 = Debug|Any CPU
		{63537EC1-52CB-4700-9E3C-2D74D01ABA23}.Release|Any CPU.ActiveCfg = Release|Any CPU
		{63537EC1-52CB-4700-9E3C-2D74D01ABA23}.Release|Any CPU.Build.0 = Release|Any CPU
		{63537EC1-52CB-4700-9E3C-2D74D01ABA23}.Release|x64.ActiveCfg = Release|Any CPU
		{63537EC1-52CB-4700-9E3C-2D74D01ABA23}.Release|x64.Build.0 = Release|Any CPU
		{63537EC1-52CB-4700-9E3C-2D74D01ABA23}.Release|x86.ActiveCfg = Release|Any CPU
		{63537EC1-52CB-4700-9E3C-2D74D01ABA23}.Release|x86.Build.0 = Release|Any CPU
		{BC82558F-68D8-4170-A187-773E09CC58D4}.Debug|Any CPU.ActiveCfg = Debug|Any CPU
		{BC82558F-68D8-4170-A187-773E09CC58D4}.Debug|Any CPU.Build.0 = Debug|Any CPU
		{BC82558F-68D8-4170-A187-773E09CC58D4}.Debug|x64.ActiveCfg = Debug|Any CPU
		{BC82558F-68D8-4170-A187-773E09CC58D4}.Debug|x64.Build.0 = Debug|Any CPU
		{BC82558F-68D8-4170-A187-773E09CC58D4}.Debug|x86.ActiveCfg = Debug|Any CPU
		{BC82558F-68D8-4170-A187-773E09CC58D4}.Debug|x86.Build.0 = Debug|Any CPU
		{BC82558F-68D8-4170-A187-773E09CC58D4}.Release|Any CPU.ActiveCfg = Release|Any CPU
		{BC82558F-68D8-4170-A187-773E09CC58D4}.Release|Any CPU.Build.0 = Release|Any CPU
		{BC82558F-68D8-4170-A187-773E09CC58D4}.Release|x64.ActiveCfg = Release|Any CPU
		{BC82558F-68D8-4170-A187-773E09CC58D4}.Release|x64.Build.0 = Release|Any CPU
		{BC82558F-68D8-4170-A187-773E09CC58D4}.Release|x86.ActiveCfg = Release|Any CPU
		{BC82558F-68D8-4170-A187-773E09CC58D4}.Release|x86.Build.0 = Release|Any CPU
		{A0BD3B11-6820-4004-913C-4CE9462666F3}.Debug|Any CPU.ActiveCfg = Debug|Any CPU
		{A0BD3B11-6820-4004-913C-4CE9462666F3}.Debug|Any CPU.Build.0 = Debug|Any CPU
		{A0BD3B11-6820-4004-913C-4CE9462666F3}.Debug|x64.ActiveCfg = Debug|Any CPU
		{A0BD3B11-6820-4004-913C-4CE9462666F3}.Debug|x64.Build.0 = Debug|Any CPU
		{A0BD3B11-6820-4004-913C-4CE9462666F3}.Debug|x86.ActiveCfg = Debug|Any CPU
		{A0BD3B11-6820-4004-913C-4CE9462666F3}.Debug|x86.Build.0 = Debug|Any CPU
		{A0BD3B11-6820-4004-913C-4CE9462666F3}.Release|Any CPU.ActiveCfg = Release|Any CPU
		{A0BD3B11-6820-4004-913C-4CE9462666F3}.Release|Any CPU.Build.0 = Release|Any CPU
		{A0BD3B11-6820-4004-913C-4CE9462666F3}.Release|x64.ActiveCfg = Release|Any CPU
		{A0BD3B11-6820-4004-913C-4CE9462666F3}.Release|x64.Build.0 = Release|Any CPU
		{A0BD3B11-6820-4004-913C-4CE9462666F3}.Release|x86.ActiveCfg = Release|Any CPU
		{A0BD3B11-6820-4004-913C-4CE9462666F3}.Release|x86.Build.0 = Release|Any CPU
		{B07CDB6F-7EA0-4334-82B5-A1AA14E046F2}.Debug|Any CPU.ActiveCfg = Debug|Any CPU
		{B07CDB6F-7EA0-4334-82B5-A1AA14E046F2}.Debug|Any CPU.Build.0 = Debug|Any CPU
		{B07CDB6F-7EA0-4334-82B5-A1AA14E046F2}.Debug|x64.ActiveCfg = Debug|Any CPU
		{B07CDB6F-7EA0-4334-82B5-A1AA14E046F2}.Debug|x64.Build.0 = Debug|Any CPU
		{B07CDB6F-7EA0-4334-82B5-A1AA14E046F2}.Debug|x86.ActiveCfg = Debug|Any CPU
		{B07CDB6F-7EA0-4334-82B5-A1AA14E046F2}.Debug|x86.Build.0 = Debug|Any CPU
		{B07CDB6F-7EA0-4334-82B5-A1AA14E046F2}.Release|Any CPU.ActiveCfg = Release|Any CPU
		{B07CDB6F-7EA0-4334-82B5-A1AA14E046F2}.Release|Any CPU.Build.0 = Release|Any CPU
		{B07CDB6F-7EA0-4334-82B5-A1AA14E046F2}.Release|x64.ActiveCfg = Release|Any CPU
		{B07CDB6F-7EA0-4334-82B5-A1AA14E046F2}.Release|x64.Build.0 = Release|Any CPU
		{B07CDB6F-7EA0-4334-82B5-A1AA14E046F2}.Release|x86.ActiveCfg = Release|Any CPU
		{B07CDB6F-7EA0-4334-82B5-A1AA14E046F2}.Release|x86.Build.0 = Release|Any CPU
		{F7A5A4A2-9EF1-4A39-94AC-C3D5FFFC2C1D}.Debug|Any CPU.ActiveCfg = Debug|Any CPU
		{F7A5A4A2-9EF1-4A39-94AC-C3D5FFFC2C1D}.Debug|Any CPU.Build.0 = Debug|Any CPU
		{F7A5A4A2-9EF1-4A39-94AC-C3D5FFFC2C1D}.Debug|x64.ActiveCfg = Debug|Any CPU
		{F7A5A4A2-9EF1-4A39-94AC-C3D5FFFC2C1D}.Debug|x64.Build.0 = Debug|Any CPU
		{F7A5A4A2-9EF1-4A39-94AC-C3D5FFFC2C1D}.Debug|x86.ActiveCfg = Debug|Any CPU
		{F7A5A4A2-9EF1-4A39-94AC-C3D5FFFC2C1D}.Debug|x86.Build.0 = Debug|Any CPU
		{F7A5A4A2-9EF1-4A39-94AC-C3D5FFFC2C1D}.Release|Any CPU.ActiveCfg = Release|Any CPU
		{F7A5A4A2-9EF1-4A39-94AC-C3D5FFFC2C1D}.Release|Any CPU.Build.0 = Release|Any CPU
		{F7A5A4A2-9EF1-4A39-94AC-C3D5FFFC2C1D}.Release|x64.ActiveCfg = Release|Any CPU
		{F7A5A4A2-9EF1-4A39-94AC-C3D5FFFC2C1D}.Release|x64.Build.0 = Release|Any CPU
		{F7A5A4A2-9EF1-4A39-94AC-C3D5FFFC2C1D}.Release|x86.ActiveCfg = Release|Any CPU
		{F7A5A4A2-9EF1-4A39-94AC-C3D5FFFC2C1D}.Release|x86.Build.0 = Release|Any CPU
		{2E05A20D-5074-4E04-9E3B-FF62ACFC55A6}.Debug|Any CPU.ActiveCfg = Debug|Any CPU
		{2E05A20D-5074-4E04-9E3B-FF62ACFC55A6}.Debug|Any CPU.Build.0 = Debug|Any CPU
		{2E05A20D-5074-4E04-9E3B-FF62ACFC55A6}.Debug|x64.ActiveCfg = Debug|Any CPU
		{2E05A20D-5074-4E04-9E3B-FF62ACFC55A6}.Debug|x64.Build.0 = Debug|Any CPU
		{2E05A20D-5074-4E04-9E3B-FF62ACFC55A6}.Debug|x86.ActiveCfg = Debug|Any CPU
		{2E05A20D-5074-4E04-9E3B-FF62ACFC55A6}.Debug|x86.Build.0 = Debug|Any CPU
		{2E05A20D-5074-4E04-9E3B-FF62ACFC55A6}.Release|Any CPU.ActiveCfg = Release|Any CPU
		{2E05A20D-5074-4E04-9E3B-FF62ACFC55A6}.Release|Any CPU.Build.0 = Release|Any CPU
		{2E05A20D-5074-4E04-9E3B-FF62ACFC55A6}.Release|x64.ActiveCfg = Release|Any CPU
		{2E05A20D-5074-4E04-9E3B-FF62ACFC55A6}.Release|x64.Build.0 = Release|Any CPU
		{2E05A20D-5074-4E04-9E3B-FF62ACFC55A6}.Release|x86.ActiveCfg = Release|Any CPU
		{2E05A20D-5074-4E04-9E3B-FF62ACFC55A6}.Release|x86.Build.0 = Release|Any CPU
		{565B8677-2387-4B73-B4CC-803233144DBE}.Debug|Any CPU.ActiveCfg = Debug|Any CPU
		{565B8677-2387-4B73-B4CC-803233144DBE}.Debug|Any CPU.Build.0 = Debug|Any CPU
		{565B8677-2387-4B73-B4CC-803233144DBE}.Debug|x64.ActiveCfg = Debug|Any CPU
		{565B8677-2387-4B73-B4CC-803233144DBE}.Debug|x64.Build.0 = Debug|Any CPU
		{565B8677-2387-4B73-B4CC-803233144DBE}.Debug|x86.ActiveCfg = Debug|Any CPU
		{565B8677-2387-4B73-B4CC-803233144DBE}.Debug|x86.Build.0 = Debug|Any CPU
		{565B8677-2387-4B73-B4CC-803233144DBE}.Release|Any CPU.ActiveCfg = Release|Any CPU
		{565B8677-2387-4B73-B4CC-803233144DBE}.Release|Any CPU.Build.0 = Release|Any CPU
		{565B8677-2387-4B73-B4CC-803233144DBE}.Release|x64.ActiveCfg = Release|Any CPU
		{565B8677-2387-4B73-B4CC-803233144DBE}.Release|x64.Build.0 = Release|Any CPU
		{565B8677-2387-4B73-B4CC-803233144DBE}.Release|x86.ActiveCfg = Release|Any CPU
		{565B8677-2387-4B73-B4CC-803233144DBE}.Release|x86.Build.0 = Release|Any CPU
		{310E67A1-F757-4511-8A32-B2EF0E9069AB}.Debug|Any CPU.ActiveCfg = Debug|Any CPU
		{310E67A1-F757-4511-8A32-B2EF0E9069AB}.Debug|Any CPU.Build.0 = Debug|Any CPU
		{310E67A1-F757-4511-8A32-B2EF0E9069AB}.Debug|x64.ActiveCfg = Debug|Any CPU
		{310E67A1-F757-4511-8A32-B2EF0E9069AB}.Debug|x64.Build.0 = Debug|Any CPU
		{310E67A1-F757-4511-8A32-B2EF0E9069AB}.Debug|x86.ActiveCfg = Debug|Any CPU
		{310E67A1-F757-4511-8A32-B2EF0E9069AB}.Debug|x86.Build.0 = Debug|Any CPU
		{310E67A1-F757-4511-8A32-B2EF0E9069AB}.Release|Any CPU.ActiveCfg = Release|Any CPU
		{310E67A1-F757-4511-8A32-B2EF0E9069AB}.Release|Any CPU.Build.0 = Release|Any CPU
		{310E67A1-F757-4511-8A32-B2EF0E9069AB}.Release|x64.ActiveCfg = Release|Any CPU
		{310E67A1-F757-4511-8A32-B2EF0E9069AB}.Release|x64.Build.0 = Release|Any CPU
		{310E67A1-F757-4511-8A32-B2EF0E9069AB}.Release|x86.ActiveCfg = Release|Any CPU
		{310E67A1-F757-4511-8A32-B2EF0E9069AB}.Release|x86.Build.0 = Release|Any CPU
	EndGlobalSection
	GlobalSection(SolutionProperties) = preSolution
		HideSolutionNode = FALSE
	EndGlobalSection
	GlobalSection(NestedProjects) = preSolution
		{E70FE54D-8877-49CA-BB73-5ECEB9848296} = {827E0CD3-B72D-47B6-A68D-7590B98EB39B}
		{D0F9CD54-8B44-4BDA-80A4-293FE9B4340E} = {827E0CD3-B72D-47B6-A68D-7590B98EB39B}
		{63537EC1-52CB-4700-9E3C-2D74D01ABA23} = {827E0CD3-B72D-47B6-A68D-7590B98EB39B}
		{BC82558F-68D8-4170-A187-773E09CC58D4} = {827E0CD3-B72D-47B6-A68D-7590B98EB39B}
		{A0BD3B11-6820-4004-913C-4CE9462666F3} = {827E0CD3-B72D-47B6-A68D-7590B98EB39B}
		{B07CDB6F-7EA0-4334-82B5-A1AA14E046F2} = {827E0CD3-B72D-47B6-A68D-7590B98EB39B}
		{F7A5A4A2-9EF1-4A39-94AC-C3D5FFFC2C1D} = {07D57EEB-2F50-60C4-C011-FE4FA775C9A8}
		{2E05A20D-5074-4E04-9E3B-FF62ACFC55A6} = {0AB3BF05-4346-4AA6-1389-037BE0695223}
		{565B8677-2387-4B73-B4CC-803233144DBE} = {0AB3BF05-4346-4AA6-1389-037BE0695223}
		{310E67A1-F757-4511-8A32-B2EF0E9069AB} = {0AB3BF05-4346-4AA6-1389-037BE0695223}
	EndGlobalSection
EndGlobal
